// !$*UTF8*$!
{
	archiveVersion = 1;
	classes = {
	};
	objectVersion = 46;
	objects = {

/* Begin PBXBuildFile section */
		AFBC00A219B81F020034A364 /* WebKit.framework in Frameworks */ = {isa = PBXBuildFile; fileRef = AFBC00A119B81F020034A364 /* WebKit.framework */; };
		AFBC00A519B81FCA0034A364 /* BlankWebView.m in Sources */ = {isa = PBXBuildFile; fileRef = AFBC00A419B81FCA0034A364 /* BlankWebView.m */; };
		B90A546817053C03003024F7 /* ButtonController.m in Sources */ = {isa = PBXBuildFile; fileRef = B90A546717053C03003024F7 /* ButtonController.m */; };
		B91CFEB81702BA1200B10D73 /* Cocoa.framework in Frameworks */ = {isa = PBXBuildFile; fileRef = B91CFEB71702BA1200B10D73 /* Cocoa.framework */; };
		B91CFEC21702BA1200B10D73 /* InfoPlist.strings in Resources */ = {isa = PBXBuildFile; fileRef = B91CFEC01702BA1200B10D73 /* InfoPlist.strings */; };
		B91CFEC41702BA1200B10D73 /* main.m in Sources */ = {isa = PBXBuildFile; fileRef = B91CFEC31702BA1200B10D73 /* main.m */; };
		B91CFECB1702BA1200B10D73 /* Down_hkAppDelegate.m in Sources */ = {isa = PBXBuildFile; fileRef = B91CFECA1702BA1200B10D73 /* Down_hkAppDelegate.m */; };
		B91CFECE1702BA1300B10D73 /* MainMenu.xib in Resources */ = {isa = PBXBuildFile; fileRef = B91CFECC1702BA1300B10D73 /* MainMenu.xib */; };
		B91CFED61702BA6600B10D73 /* frameTopLeft.png in Resources */ = {isa = PBXBuildFile; fileRef = B91CFED41702BA6600B10D73 /* frameTopLeft.png */; };
		B91CFED71702BA6600B10D73 /* frameTopRight.png in Resources */ = {isa = PBXBuildFile; fileRef = B91CFED51702BA6600B10D73 /* frameTopRight.png */; };
		B91CFEF71702D9DC00B10D73 /* frameTopLeft@2x.png in Resources */ = {isa = PBXBuildFile; fileRef = B91CFEF61702D9DC00B10D73 /* frameTopLeft@2x.png */; };
		B91CFEF91702E2B200B10D73 /* frameTopCenter.png in Resources */ = {isa = PBXBuildFile; fileRef = B91CFEF81702E2B200B10D73 /* frameTopCenter.png */; };
		B91CFEFF1702E55800B10D73 /* frameButtomCenter.png in Resources */ = {isa = PBXBuildFile; fileRef = B91CFEFA1702E55800B10D73 /* frameButtomCenter.png */; };
		B91CFF001702E55800B10D73 /* frameButtomLeft.png in Resources */ = {isa = PBXBuildFile; fileRef = B91CFEFB1702E55800B10D73 /* frameButtomLeft.png */; };
		B91CFF011702E55800B10D73 /* frameButtomRight.png in Resources */ = {isa = PBXBuildFile; fileRef = B91CFEFC1702E55800B10D73 /* frameButtomRight.png */; };
		B91CFF021702E55800B10D73 /* frameCenterLeft.png in Resources */ = {isa = PBXBuildFile; fileRef = B91CFEFD1702E55800B10D73 /* frameCenterLeft.png */; };
		B91CFF031702E55800B10D73 /* frameCenterRight.png in Resources */ = {isa = PBXBuildFile; fileRef = B91CFEFE1702E55800B10D73 /* frameCenterRight.png */; };
		B91CFF061702F56A00B10D73 /* AppWindow.m in Sources */ = {isa = PBXBuildFile; fileRef = B91CFF051702F56A00B10D73 /* AppWindow.m */; };
		B91CFF081702F83C00B10D73 /* frameCC.png in Resources */ = {isa = PBXBuildFile; fileRef = B91CFF071702F83C00B10D73 /* frameCC.png */; };
		B92C6E8317042E5600E89E2F /* max@2x.png in Resources */ = {isa = PBXBuildFile; fileRef = B92C6E8217042E5600E89E2F /* max@2x.png */; };
		B92C6E851704302500E89E2F /* maxDown@2x.png in Resources */ = {isa = PBXBuildFile; fileRef = B92C6E841704302500E89E2F /* maxDown@2x.png */; };
		B92C6E881704315A00E89E2F /* close@2x.png in Resources */ = {isa = PBXBuildFile; fileRef = B92C6E861704315A00E89E2F /* close@2x.png */; };
		B92C6E891704315A00E89E2F /* closeDown@2x.png in Resources */ = {isa = PBXBuildFile; fileRef = B92C6E871704315A00E89E2F /* closeDown@2x.png */; };
		B92C6E8C1704350D00E89E2F /* about@2x.png in Resources */ = {isa = PBXBuildFile; fileRef = B92C6E8A1704350D00E89E2F /* about@2x.png */; };
		B92C6E8D1704350D00E89E2F /* aboutDown@2x.png in Resources */ = {isa = PBXBuildFile; fileRef = B92C6E8B1704350D00E89E2F /* aboutDown@2x.png */; };
		B92C6E8F17043A6F00E89E2F /* frameTopRight@2x.png in Resources */ = {isa = PBXBuildFile; fileRef = B92C6E8E17043A6F00E89E2F /* frameTopRight@2x.png */; };
		B92C6E9117043AD200E89E2F /* frameTopCenter@2x.png in Resources */ = {isa = PBXBuildFile; fileRef = B92C6E9017043AD200E89E2F /* frameTopCenter@2x.png */; };
		B92C6E9317043C3800E89E2F /* frameCenterLeft@2x.png in Resources */ = {isa = PBXBuildFile; fileRef = B92C6E9217043C3800E89E2F /* frameCenterLeft@2x.png */; };
		B92C6E9517043C7E00E89E2F /* frameCenterRight@2x.png in Resources */ = {isa = PBXBuildFile; fileRef = B92C6E9417043C7E00E89E2F /* frameCenterRight@2x.png */; };
		B92C6E9917043D9D00E89E2F /* frameButtomCenter@2x.png in Resources */ = {isa = PBXBuildFile; fileRef = B92C6E9617043D9D00E89E2F /* frameButtomCenter@2x.png */; };
		B92C6E9A17043D9D00E89E2F /* frameButtomLeft@2x.png in Resources */ = {isa = PBXBuildFile; fileRef = B92C6E9717043D9D00E89E2F /* frameButtomLeft@2x.png */; };
		B92C6E9B17043D9D00E89E2F /* frameButtomRight@2x.png in Resources */ = {isa = PBXBuildFile; fileRef = B92C6E9817043D9D00E89E2F /* frameButtomRight@2x.png */; };
		B9316B9E171D409C006245DE /* menuBtnHover.png in Resources */ = {isa = PBXBuildFile; fileRef = B9316B9C171D409C006245DE /* menuBtnHover.png */; };
		B9316B9F171D409C006245DE /* menuBtnHover@2x.png in Resources */ = {isa = PBXBuildFile; fileRef = B9316B9D171D409C006245DE /* menuBtnHover@2x.png */; };
		B93304A3170A7ECD002DAD07 /* aboutHover@2x.png in Resources */ = {isa = PBXBuildFile; fileRef = B93304A0170A7ECD002DAD07 /* aboutHover@2x.png */; };
		B93304A4170A7ECD002DAD07 /* closeHover@2x.png in Resources */ = {isa = PBXBuildFile; fileRef = B93304A1170A7ECD002DAD07 /* closeHover@2x.png */; };
		B93304A5170A7ECD002DAD07 /* maxhover@2x.png in Resources */ = {isa = PBXBuildFile; fileRef = B93304A2170A7ECD002DAD07 /* maxhover@2x.png */; };
		B93B1C39172134A1007E4F2A /* Credits.rtf in Resources */ = {isa = PBXBuildFile; fileRef = B93B1C38172134A0007E4F2A /* Credits.rtf */; };
		B93B1C3B172139C7007E4F2A /* QuartzCore.framework in Frameworks */ = {isa = PBXBuildFile; fileRef = B93B1C3A172139C7007E4F2A /* QuartzCore.framework */; };
		B944522C171BEBEA00FE4C03 /* menuBtn.png in Resources */ = {isa = PBXBuildFile; fileRef = B944522B171BEBEA00FE4C03 /* menuBtn.png */; };
		B9838FC31703E5AF006DC797 /* about.png in Resources */ = {isa = PBXBuildFile; fileRef = B9838FC01703E5AF006DC797 /* about.png */; };
		B9838FC41703E5AF006DC797 /* aboutDown.png in Resources */ = {isa = PBXBuildFile; fileRef = B9838FC11703E5AF006DC797 /* aboutDown.png */; };
		B9838FC51703E5AF006DC797 /* aboutHover.png in Resources */ = {isa = PBXBuildFile; fileRef = B9838FC21703E5AF006DC797 /* aboutHover.png */; };
		B9838FC91703E5B8006DC797 /* close.png in Resources */ = {isa = PBXBuildFile; fileRef = B9838FC61703E5B8006DC797 /* close.png */; };
		B9838FCA1703E5B8006DC797 /* closeDown.png in Resources */ = {isa = PBXBuildFile; fileRef = B9838FC71703E5B8006DC797 /* closeDown.png */; };
		B9838FCB1703E5B8006DC797 /* closeHover.png in Resources */ = {isa = PBXBuildFile; fileRef = B9838FC81703E5B8006DC797 /* closeHover.png */; };
		B9838FCF1703E5C4006DC797 /* max.png in Resources */ = {isa = PBXBuildFile; fileRef = B9838FCC1703E5C4006DC797 /* max.png */; };
		B9838FD01703E5C4006DC797 /* maxDown.png in Resources */ = {isa = PBXBuildFile; fileRef = B9838FCD1703E5C4006DC797 /* maxDown.png */; };
		B9838FD11703E5C4006DC797 /* maxhover.png in Resources */ = {isa = PBXBuildFile; fileRef = B9838FCE1703E5C4006DC797 /* maxhover.png */; };
		B9838FD71703EC97006DC797 /* ViewTitleBarBtn.m in Sources */ = {isa = PBXBuildFile; fileRef = B9838FD61703EC97006DC797 /* ViewTitleBarBtn.m */; };
		B9ACC666183B18A800325513 /* error in Resources */ = {isa = PBXBuildFile; fileRef = B9ACC665183B18A800325513 /* error */; };
		B9D1DFE1171C04BD00C0AED5 /* menuBtn@2x.png in Resources */ = {isa = PBXBuildFile; fileRef = B9D1DFE0171C04BD00C0AED5 /* menuBtn@2x.png */; };
/* End PBXBuildFile section */

/* Begin PBXFileReference section */
		AFBC00A119B81F020034A364 /* WebKit.framework */ = {isa = PBXFileReference; lastKnownFileType = wrapper.framework; name = WebKit.framework; path = System/Library/Frameworks/WebKit.framework; sourceTree = SDKROOT; };
		AFBC00A319B81FCA0034A364 /* BlankWebView.h */ = {isa = PBXFileReference; fileEncoding = 4; lastKnownFileType = sourcecode.c.h; name = BlankWebView.h; path = ../BlankWebView.h; sourceTree = "<group>"; };
		AFBC00A419B81FCA0034A364 /* BlankWebView.m */ = {isa = PBXFileReference; fileEncoding = 4; lastKnownFileType = sourcecode.c.objc; name = BlankWebView.m; path = ../BlankWebView.m; sourceTree = "<group>"; };
		B90A546617053C03003024F7 /* ButtonController.h */ = {isa = PBXFileReference; fileEncoding = 4; lastKnownFileType = sourcecode.c.h; path = ButtonController.h; sourceTree = "<group>"; };
		B90A546717053C03003024F7 /* ButtonController.m */ = {isa = PBXFileReference; fileEncoding = 4; lastKnownFileType = sourcecode.c.objc; path = ButtonController.m; sourceTree = "<group>"; };
		B91CFEB41702BA1200B10D73 /* 应用商店.app */ = {isa = PBXFileReference; explicitFileType = wrapper.application; includeInIndex = 0; path = "应用商店.app"; sourceTree = BUILT_PRODUCTS_DIR; };
		B91CFEB71702BA1200B10D73 /* Cocoa.framework */ = {isa = PBXFileReference; lastKnownFileType = wrapper.framework; name = Cocoa.framework; path = System/Library/Frameworks/Cocoa.framework; sourceTree = SDKROOT; };
		B91CFEBA1702BA1200B10D73 /* AppKit.framework */ = {isa = PBXFileReference; lastKnownFileType = wrapper.framework; name = AppKit.framework; path = System/Library/Frameworks/AppKit.framework; sourceTree = SDKROOT; };
		B91CFEBB1702BA1200B10D73 /* CoreData.framework */ = {isa = PBXFileReference; lastKnownFileType = wrapper.framework; name = CoreData.framework; path = System/Library/Frameworks/CoreData.framework; sourceTree = SDKROOT; };
		B91CFEBC1702BA1200B10D73 /* Foundation.framework */ = {isa = PBXFileReference; lastKnownFileType = wrapper.framework; name = Foundation.framework; path = System/Library/Frameworks/Foundation.framework; sourceTree = SDKROOT; };
		B91CFEBF1702BA1200B10D73 /* 应用商店-Info.plist */ = {isa = PBXFileReference; lastKnownFileType = text.plist.xml; path = "应用商店-Info.plist"; sourceTree = "<group>"; };
		B91CFEC11702BA1200B10D73 /* en */ = {isa = PBXFileReference; lastKnownFileType = text.plist.strings; name = en; path = en.lproj/InfoPlist.strings; sourceTree = "<group>"; };
		B91CFEC31702BA1200B10D73 /* main.m */ = {isa = PBXFileReference; lastKnownFileType = sourcecode.c.objc; path = main.m; sourceTree = "<group>"; };
		B91CFEC51702BA1200B10D73 /* 应用商店-Prefix.pch */ = {isa = PBXFileReference; lastKnownFileType = sourcecode.c.h; path = "应用商店-Prefix.pch"; sourceTree = "<group>"; };
		B91CFEC91702BA1200B10D73 /* Down_hkAppDelegate.h */ = {isa = PBXFileReference; lastKnownFileType = sourcecode.c.h; path = Down_hkAppDelegate.h; sourceTree = "<group>"; };
		B91CFECA1702BA1200B10D73 /* Down_hkAppDelegate.m */ = {isa = PBXFileReference; lastKnownFileType = sourcecode.c.objc; path = Down_hkAppDelegate.m; sourceTree = "<group>"; };
		B91CFECD1702BA1300B10D73 /* en */ = {isa = PBXFileReference; lastKnownFileType = file.xib; name = en; path = en.lproj/MainMenu.xib; sourceTree = "<group>"; };
		B91CFED41702BA6600B10D73 /* frameTopLeft.png */ = {isa = PBXFileReference; lastKnownFileType = image.png; path = frameTopLeft.png; sourceTree = "<group>"; };
		B91CFED51702BA6600B10D73 /* frameTopRight.png */ = {isa = PBXFileReference; lastKnownFileType = image.png; path = frameTopRight.png; sourceTree = "<group>"; };
		B91CFEF61702D9DC00B10D73 /* frameTopLeft@2x.png */ = {isa = PBXFileReference; lastKnownFileType = image.png; path = "frameTopLeft@2x.png"; sourceTree = "<group>"; };
		B91CFEF81702E2B200B10D73 /* frameTopCenter.png */ = {isa = PBXFileReference; lastKnownFileType = image.png; path = frameTopCenter.png; sourceTree = "<group>"; };
		B91CFEFA1702E55800B10D73 /* frameButtomCenter.png */ = {isa = PBXFileReference; lastKnownFileType = image.png; path = frameButtomCenter.png; sourceTree = "<group>"; };
		B91CFEFB1702E55800B10D73 /* frameButtomLeft.png */ = {isa = PBXFileReference; lastKnownFileType = image.png; path = frameButtomLeft.png; sourceTree = "<group>"; };
		B91CFEFC1702E55800B10D73 /* frameButtomRight.png */ = {isa = PBXFileReference; lastKnownFileType = image.png; path = frameButtomRight.png; sourceTree = "<group>"; };
		B91CFEFD1702E55800B10D73 /* frameCenterLeft.png */ = {isa = PBXFileReference; lastKnownFileType = image.png; path = frameCenterLeft.png; sourceTree = "<group>"; };
		B91CFEFE1702E55800B10D73 /* frameCenterRight.png */ = {isa = PBXFileReference; lastKnownFileType = image.png; path = frameCenterRight.png; sourceTree = "<group>"; };
		B91CFF041702F56A00B10D73 /* AppWindow.h */ = {isa = PBXFileReference; fileEncoding = 4; lastKnownFileType = sourcecode.c.h; path = AppWindow.h; sourceTree = "<group>"; };
		B91CFF051702F56A00B10D73 /* AppWindow.m */ = {isa = PBXFileReference; fileEncoding = 4; lastKnownFileType = sourcecode.c.objc; path = AppWindow.m; sourceTree = "<group>"; };
		B91CFF071702F83C00B10D73 /* frameCC.png */ = {isa = PBXFileReference; lastKnownFileType = image.png; path = frameCC.png; sourceTree = "<group>"; };
		B92C6E8217042E5600E89E2F /* max@2x.png */ = {isa = PBXFileReference; lastKnownFileType = image.png; path = "max@2x.png"; sourceTree = "<group>"; };
		B92C6E841704302500E89E2F /* maxDown@2x.png */ = {isa = PBXFileReference; lastKnownFileType = image.png; path = "maxDown@2x.png"; sourceTree = "<group>"; };
		B92C6E861704315A00E89E2F /* close@2x.png */ = {isa = PBXFileReference; lastKnownFileType = image.png; path = "close@2x.png"; sourceTree = "<group>"; };
		B92C6E871704315A00E89E2F /* closeDown@2x.png */ = {isa = PBXFileReference; lastKnownFileType = image.png; path = "closeDown@2x.png"; sourceTree = "<group>"; };
		B92C6E8A1704350D00E89E2F /* about@2x.png */ = {isa = PBXFileReference; lastKnownFileType = image.png; path = "about@2x.png"; sourceTree = "<group>"; };
		B92C6E8B1704350D00E89E2F /* aboutDown@2x.png */ = {isa = PBXFileReference; lastKnownFileType = image.png; path = "aboutDown@2x.png"; sourceTree = "<group>"; };
		B92C6E8E17043A6F00E89E2F /* frameTopRight@2x.png */ = {isa = PBXFileReference; lastKnownFileType = image.png; path = "frameTopRight@2x.png"; sourceTree = "<group>"; };
		B92C6E9017043AD200E89E2F /* frameTopCenter@2x.png */ = {isa = PBXFileReference; lastKnownFileType = image.png; path = "frameTopCenter@2x.png"; sourceTree = "<group>"; };
		B92C6E9217043C3800E89E2F /* frameCenterLeft@2x.png */ = {isa = PBXFileReference; lastKnownFileType = image.png; path = "frameCenterLeft@2x.png"; sourceTree = "<group>"; };
		B92C6E9417043C7E00E89E2F /* frameCenterRight@2x.png */ = {isa = PBXFileReference; lastKnownFileType = image.png; path = "frameCenterRight@2x.png"; sourceTree = "<group>"; };
		B92C6E9617043D9D00E89E2F /* frameButtomCenter@2x.png */ = {isa = PBXFileReference; lastKnownFileType = image.png; path = "frameButtomCenter@2x.png"; sourceTree = "<group>"; };
		B92C6E9717043D9D00E89E2F /* frameButtomLeft@2x.png */ = {isa = PBXFileReference; lastKnownFileType = image.png; path = "frameButtomLeft@2x.png"; sourceTree = "<group>"; };
		B92C6E9817043D9D00E89E2F /* frameButtomRight@2x.png */ = {isa = PBXFileReference; lastKnownFileType = image.png; path = "frameButtomRight@2x.png"; sourceTree = "<group>"; };
		B9316B98171D24BF006245DE /* Common.h */ = {isa = PBXFileReference; lastKnownFileType = sourcecode.c.h; path = Common.h; sourceTree = "<group>"; };
		B9316B9C171D409C006245DE /* menuBtnHover.png */ = {isa = PBXFileReference; lastKnownFileType = image.png; path = menuBtnHover.png; sourceTree = "<group>"; };
		B9316B9D171D409C006245DE /* menuBtnHover@2x.png */ = {isa = PBXFileReference; lastKnownFileType = image.png; path = "menuBtnHover@2x.png"; sourceTree = "<group>"; };
		B93304A0170A7ECD002DAD07 /* aboutHover@2x.png */ = {isa = PBXFileReference; lastKnownFileType = image.png; path = "aboutHover@2x.png"; sourceTree = "<group>"; };
		B93304A1170A7ECD002DAD07 /* closeHover@2x.png */ = {isa = PBXFileReference; lastKnownFileType = image.png; path = "closeHover@2x.png"; sourceTree = "<group>"; };
		B93304A2170A7ECD002DAD07 /* maxhover@2x.png */ = {isa = PBXFileReference; lastKnownFileType = image.png; path = "maxhover@2x.png"; sourceTree = "<group>"; };
		B93B1C38172134A0007E4F2A /* Credits.rtf */ = {isa = PBXFileReference; fileEncoding = 4; lastKnownFileType = text.rtf; path = Credits.rtf; sourceTree = "<group>"; };
		B93B1C3A172139C7007E4F2A /* QuartzCore.framework */ = {isa = PBXFileReference; lastKnownFileType = wrapper.framework; name = QuartzCore.framework; path = System/Library/Frameworks/QuartzCore.framework; sourceTree = SDKROOT; };
		B944522B171BEBEA00FE4C03 /* menuBtn.png */ = {isa = PBXFileReference; lastKnownFileType = image.png; path = menuBtn.png; sourceTree = "<group>"; };
		B9838FC01703E5AF006DC797 /* about.png */ = {isa = PBXFileReference; lastKnownFileType = image.png; path = about.png; sourceTree = "<group>"; };
		B9838FC11703E5AF006DC797 /* aboutDown.png */ = {isa = PBXFileReference; lastKnownFileType = image.png; path = aboutDown.png; sourceTree = "<group>"; };
		B9838FC21703E5AF006DC797 /* aboutHover.png */ = {isa = PBXFileReference; lastKnownFileType = image.png; path = aboutHover.png; sourceTree = "<group>"; };
		B9838FC61703E5B8006DC797 /* close.png */ = {isa = PBXFileReference; lastKnownFileType = image.png; path = close.png; sourceTree = "<group>"; };
		B9838FC71703E5B8006DC797 /* closeDown.png */ = {isa = PBXFileReference; lastKnownFileType = image.png; path = closeDown.png; sourceTree = "<group>"; };
		B9838FC81703E5B8006DC797 /* closeHover.png */ = {isa = PBXFileReference; lastKnownFileType = image.png; path = closeHover.png; sourceTree = "<group>"; };
		B9838FCC1703E5C4006DC797 /* max.png */ = {isa = PBXFileReference; lastKnownFileType = image.png; path = max.png; sourceTree = "<group>"; };
		B9838FCD1703E5C4006DC797 /* maxDown.png */ = {isa = PBXFileReference; lastKnownFileType = image.png; path = maxDown.png; sourceTree = "<group>"; };
		B9838FCE1703E5C4006DC797 /* maxhover.png */ = {isa = PBXFileReference; lastKnownFileType = image.png; path = maxhover.png; sourceTree = "<group>"; };
		B9838FD51703EC97006DC797 /* ViewTitleBarBtn.h */ = {isa = PBXFileReference; fileEncoding = 4; lastKnownFileType = sourcecode.c.h; path = ViewTitleBarBtn.h; sourceTree = "<group>"; };
		B9838FD61703EC97006DC797 /* ViewTitleBarBtn.m */ = {isa = PBXFileReference; fileEncoding = 4; lastKnownFileType = sourcecode.c.objc; path = ViewTitleBarBtn.m; sourceTree = "<group>"; };
		B9ACC665183B18A800325513 /* error */ = {isa = PBXFileReference; lastKnownFileType = folder; path = error; sourceTree = "<group>"; };
		B9D1DFE0171C04BD00C0AED5 /* menuBtn@2x.png */ = {isa = PBXFileReference; lastKnownFileType = image.png; path = "menuBtn@2x.png"; sourceTree = "<group>"; };
/* End PBXFileReference section */

/* Begin PBXFrameworksBuildPhase section */
		B91CFEB11702BA1200B10D73 /* Frameworks */ = {
			isa = PBXFrameworksBuildPhase;
			buildActionMask = 2147483647;
			files = (
				AFBC00A219B81F020034A364 /* WebKit.framework in Frameworks */,
				B93B1C3B172139C7007E4F2A /* QuartzCore.framework in Frameworks */,
				B91CFEB81702BA1200B10D73 /* Cocoa.framework in Frameworks */,
			);
			runOnlyForDeploymentPostprocessing = 0;
		};
/* End PBXFrameworksBuildPhase section */

/* Begin PBXGroup section */
		B91CFEAB1702BA1200B10D73 = {
			isa = PBXGroup;
			children = (
				B91CFEBD1702BA1200B10D73 /* 应用商店 */,
				B91CFEB61702BA1200B10D73 /* Frameworks */,
				B91CFEB51702BA1200B10D73 /* Products */,
			);
			sourceTree = "<group>";
		};
		B91CFEB51702BA1200B10D73 /* Products */ = {
			isa = PBXGroup;
			children = (
				B91CFEB41702BA1200B10D73 /* 应用商店.app */,
			);
			name = Products;
			sourceTree = "<group>";
		};
		B91CFEB61702BA1200B10D73 /* Frameworks */ = {
			isa = PBXGroup;
			children = (
				AFBC00A119B81F020034A364 /* WebKit.framework */,
				B93B1C3A172139C7007E4F2A /* QuartzCore.framework */,
				B91CFEB71702BA1200B10D73 /* Cocoa.framework */,
				B91CFEB91702BA1200B10D73 /* Other Frameworks */,
			);
			name = Frameworks;
			sourceTree = "<group>";
		};
		B91CFEB91702BA1200B10D73 /* Other Frameworks */ = {
			isa = PBXGroup;
			children = (
				B91CFEBA1702BA1200B10D73 /* AppKit.framework */,
				B91CFEBB1702BA1200B10D73 /* CoreData.framework */,
				B91CFEBC1702BA1200B10D73 /* Foundation.framework */,
			);
			name = "Other Frameworks";
			sourceTree = "<group>";
		};
		B91CFEBD1702BA1200B10D73 /* 应用商店 */ = {
			isa = PBXGroup;
			children = (
				AFBC00A319B81FCA0034A364 /* BlankWebView.h */,
				AFBC00A419B81FCA0034A364 /* BlankWebView.m */,
				B91CFEC91702BA1200B10D73 /* Down_hkAppDelegate.h */,
				B91CFECA1702BA1200B10D73 /* Down_hkAppDelegate.m */,
				B9838FD51703EC97006DC797 /* ViewTitleBarBtn.h */,
				B9838FD61703EC97006DC797 /* ViewTitleBarBtn.m */,
				B90A546617053C03003024F7 /* ButtonController.h */,
				B90A546717053C03003024F7 /* ButtonController.m */,
				B91CFF041702F56A00B10D73 /* AppWindow.h */,
				B91CFF051702F56A00B10D73 /* AppWindow.m */,
				B9316B98171D24BF006245DE /* Common.h */,
				B91CFECC1702BA1300B10D73 /* MainMenu.xib */,
				B91CFEBE1702BA1200B10D73 /* Supporting Files */,
			);
			path = "应用商店";
			sourceTree = "<group>";
		};
		B91CFEBE1702BA1200B10D73 /* Supporting Files */ = {
			isa = PBXGroup;
			children = (
				B9ACC665183B18A800325513 /* error */,
				B9316BA0171D43C5006245DE /* 导航菜单图片 */,
				B9838FBF1703E59D006DC797 /* 关闭窗口按钮 */,
				B91CFED81702BA7A00B10D73 /* 界面图片 */,
				B91CFEBF1702BA1200B10D73 /* 应用商店-Info.plist */,
				B91CFEC01702BA1200B10D73 /* InfoPlist.strings */,
				B91CFEC31702BA1200B10D73 /* main.m */,
				B91CFEC51702BA1200B10D73 /* 应用商店-Prefix.pch */,
				B93B1C38172134A0007E4F2A /* Credits.rtf */,
			);
			name = "Supporting Files";
			sourceTree = "<group>";
		};
		B91CFED81702BA7A00B10D73 /* 界面图片 */ = {
			isa = PBXGroup;
			children = (
				B91CFF071702F83C00B10D73 /* frameCC.png */,
				B91CFEF81702E2B200B10D73 /* frameTopCenter.png */,
				B92C6E9017043AD200E89E2F /* frameTopCenter@2x.png */,
				B91CFED41702BA6600B10D73 /* frameTopLeft.png */,
				B91CFEF61702D9DC00B10D73 /* frameTopLeft@2x.png */,
				B91CFED51702BA6600B10D73 /* frameTopRight.png */,
				B92C6E8E17043A6F00E89E2F /* frameTopRight@2x.png */,
				B91CFEFA1702E55800B10D73 /* frameButtomCenter.png */,
				B92C6E9617043D9D00E89E2F /* frameButtomCenter@2x.png */,
				B91CFEFB1702E55800B10D73 /* frameButtomLeft.png */,
				B92C6E9717043D9D00E89E2F /* frameButtomLeft@2x.png */,
				B91CFEFC1702E55800B10D73 /* frameButtomRight.png */,
				B92C6E9817043D9D00E89E2F /* frameButtomRight@2x.png */,
				B91CFEFD1702E55800B10D73 /* frameCenterLeft.png */,
				B92C6E9217043C3800E89E2F /* frameCenterLeft@2x.png */,
				B91CFEFE1702E55800B10D73 /* frameCenterRight.png */,
				B92C6E9417043C7E00E89E2F /* frameCenterRight@2x.png */,
			);
			name = "界面图片";
			sourceTree = "<group>";
		};
		B9316BA0171D43C5006245DE /* 导航菜单图片 */ = {
			isa = PBXGroup;
			children = (
				B9316B9C171D409C006245DE /* menuBtnHover.png */,
				B9316B9D171D409C006245DE /* menuBtnHover@2x.png */,
				B9D1DFE0171C04BD00C0AED5 /* menuBtn@2x.png */,
				B944522B171BEBEA00FE4C03 /* menuBtn.png */,
			);
			name = "导航菜单图片";
			sourceTree = "<group>";
		};
		B9838FBF1703E59D006DC797 /* 关闭窗口按钮 */ = {
			isa = PBXGroup;
			children = (
				B9838FCC1703E5C4006DC797 /* max.png */,
				B92C6E8217042E5600E89E2F /* max@2x.png */,
				B93304A0170A7ECD002DAD07 /* aboutHover@2x.png */,
				B93304A1170A7ECD002DAD07 /* closeHover@2x.png */,
				B93304A2170A7ECD002DAD07 /* maxhover@2x.png */,
				B9838FCD1703E5C4006DC797 /* maxDown.png */,
				B92C6E841704302500E89E2F /* maxDown@2x.png */,
				B9838FCE1703E5C4006DC797 /* maxhover.png */,
				B9838FC61703E5B8006DC797 /* close.png */,
				B92C6E861704315A00E89E2F /* close@2x.png */,
				B9838FC71703E5B8006DC797 /* closeDown.png */,
				B92C6E871704315A00E89E2F /* closeDown@2x.png */,
				B9838FC81703E5B8006DC797 /* closeHover.png */,
				B9838FC01703E5AF006DC797 /* about.png */,
				B92C6E8A1704350D00E89E2F /* about@2x.png */,
				B9838FC11703E5AF006DC797 /* aboutDown.png */,
				B92C6E8B1704350D00E89E2F /* aboutDown@2x.png */,
				B9838FC21703E5AF006DC797 /* aboutHover.png */,
			);
			name = "关闭窗口按钮";
			sourceTree = "<group>";
		};
/* End PBXGroup section */

/* Begin PBXNativeTarget section */
		B91CFEB31702BA1200B10D73 /* 应用商店 */ = {
			isa = PBXNativeTarget;
			buildConfigurationList = B91CFED11702BA1300B10D73 /* Build configuration list for PBXNativeTarget "应用商店" */;
			buildPhases = (
				B91CFEB01702BA1200B10D73 /* Sources */,
				B91CFEB11702BA1200B10D73 /* Frameworks */,
				B91CFEB21702BA1200B10D73 /* Resources */,
			);
			buildRules = (
			);
			dependencies = (
			);
			name = "应用商店";
			productName = "应用商店";
			productReference = B91CFEB41702BA1200B10D73 /* 应用商店.app */;
			productType = "com.apple.product-type.application";
		};
/* End PBXNativeTarget section */

/* Begin PBXProject section */
		B91CFEAC1702BA1200B10D73 /* Project object */ = {
			isa = PBXProject;
			attributes = {
				CLASSPREFIX = Down.hk;
				LastUpgradeCheck = 0500;
				ORGANIZATIONNAME = "王 楚江";
			};
			buildConfigurationList = B91CFEAF1702BA1200B10D73 /* Build configuration list for PBXProject "应用商店" */;
			compatibilityVersion = "Xcode 3.2";
			developmentRegion = English;
			hasScannedForEncodings = 0;
			knownRegions = (
				en,
			);
			mainGroup = B91CFEAB1702BA1200B10D73;
			productRefGroup = B91CFEB51702BA1200B10D73 /* Products */;
			projectDirPath = "";
			projectRoot = "";
			targets = (
				B91CFEB31702BA1200B10D73 /* 应用商店 */,
			);
		};
/* End PBXProject section */

/* Begin PBXResourcesBuildPhase section */
		B91CFEB21702BA1200B10D73 /* Resources */ = {
			isa = PBXResourcesBuildPhase;
			buildActionMask = 2147483647;
			files = (
				B91CFEC21702BA1200B10D73 /* InfoPlist.strings in Resources */,
				B91CFECE1702BA1300B10D73 /* MainMenu.xib in Resources */,
				B91CFED61702BA6600B10D73 /* frameTopLeft.png in Resources */,
				B91CFED71702BA6600B10D73 /* frameTopRight.png in Resources */,
				B91CFEF71702D9DC00B10D73 /* frameTopLeft@2x.png in Resources */,
				B91CFEF91702E2B200B10D73 /* frameTopCenter.png in Resources */,
				B91CFEFF1702E55800B10D73 /* frameButtomCenter.png in Resources */,
				B91CFF001702E55800B10D73 /* frameButtomLeft.png in Resources */,
				B91CFF011702E55800B10D73 /* frameButtomRight.png in Resources */,
				B91CFF021702E55800B10D73 /* frameCenterLeft.png in Resources */,
				B91CFF031702E55800B10D73 /* frameCenterRight.png in Resources */,
				B91CFF081702F83C00B10D73 /* frameCC.png in Resources */,
				B9838FC31703E5AF006DC797 /* about.png in Resources */,
				B9838FC41703E5AF006DC797 /* aboutDown.png in Resources */,
				B9838FC51703E5AF006DC797 /* aboutHover.png in Resources */,
				B9838FC91703E5B8006DC797 /* close.png in Resources */,
				B9ACC666183B18A800325513 /* error in Resources */,
				B9838FCA1703E5B8006DC797 /* closeDown.png in Resources */,
				B9838FCB1703E5B8006DC797 /* closeHover.png in Resources */,
				B9838FCF1703E5C4006DC797 /* max.png in Resources */,
				B9838FD01703E5C4006DC797 /* maxDown.png in Resources */,
				B9838FD11703E5C4006DC797 /* maxhover.png in Resources */,
				B92C6E8317042E5600E89E2F /* max@2x.png in Resources */,
				B92C6E851704302500E89E2F /* maxDown@2x.png in Resources */,
				B92C6E881704315A00E89E2F /* close@2x.png in Resources */,
				B92C6E891704315A00E89E2F /* closeDown@2x.png in Resources */,
				B92C6E8C1704350D00E89E2F /* about@2x.png in Resources */,
				B92C6E8D1704350D00E89E2F /* aboutDown@2x.png in Resources */,
				B92C6E8F17043A6F00E89E2F /* frameTopRight@2x.png in Resources */,
				B92C6E9117043AD200E89E2F /* frameTopCenter@2x.png in Resources */,
				B92C6E9317043C3800E89E2F /* frameCenterLeft@2x.png in Resources */,
				B92C6E9517043C7E00E89E2F /* frameCenterRight@2x.png in Resources */,
				B92C6E9917043D9D00E89E2F /* frameButtomCenter@2x.png in Resources */,
				B92C6E9A17043D9D00E89E2F /* frameButtomLeft@2x.png in Resources */,
				B92C6E9B17043D9D00E89E2F /* frameButtomRight@2x.png in Resources */,
				B93304A3170A7ECD002DAD07 /* aboutHover@2x.png in Resources */,
				B93304A4170A7ECD002DAD07 /* closeHover@2x.png in Resources */,
				B93304A5170A7ECD002DAD07 /* maxhover@2x.png in Resources */,
				B944522C171BEBEA00FE4C03 /* menuBtn.png in Resources */,
				B9D1DFE1171C04BD00C0AED5 /* menuBtn@2x.png in Resources */,
				B9316B9E171D409C006245DE /* menuBtnHover.png in Resources */,
				B9316B9F171D409C006245DE /* menuBtnHover@2x.png in Resources */,
				B93B1C39172134A1007E4F2A /* Credits.rtf in Resources */,
			);
			runOnlyForDeploymentPostprocessing = 0;
		};
/* End PBXResourcesBuildPhase section */

/* Begin PBXSourcesBuildPhase section */
		B91CFEB01702BA1200B10D73 /* Sources */ = {
			isa = PBXSourcesBuildPhase;
			buildActionMask = 2147483647;
			files = (
				B91CFEC41702BA1200B10D73 /* main.m in Sources */,
				B91CFECB1702BA1200B10D73 /* Down_hkAppDelegate.m in Sources */,
				B91CFF061702F56A00B10D73 /* AppWindow.m in Sources */,
				B9838FD71703EC97006DC797 /* ViewTitleBarBtn.m in Sources */,
				AFBC00A519B81FCA0034A364 /* BlankWebView.m in Sources */,
				B90A546817053C03003024F7 /* ButtonController.m in Sources */,
			);
			runOnlyForDeploymentPostprocessing = 0;
		};
/* End PBXSourcesBuildPhase section */

/* Begin PBXVariantGroup section */
		B91CFEC01702BA1200B10D73 /* InfoPlist.strings */ = {
			isa = PBXVariantGroup;
			children = (
				B91CFEC11702BA1200B10D73 /* en */,
			);
			name = InfoPlist.strings;
			sourceTree = "<group>";
		};
		B91CFECC1702BA1300B10D73 /* MainMenu.xib */ = {
			isa = PBXVariantGroup;
			children = (
				B91CFECD1702BA1300B10D73 /* en */,
			);
			name = MainMenu.xib;
			sourceTree = "<group>";
		};
/* End PBXVariantGroup section */

/* Begin XCBuildConfiguration section */
		B91CFECF1702BA1300B10D73 /* Debug */ = {
			isa = XCBuildConfiguration;
			buildSettings = {
				ALWAYS_SEARCH_USER_PATHS = NO;
				CLANG_CXX_LANGUAGE_STANDARD = "gnu++0x";
				CLANG_CXX_LIBRARY = "libc++";
				CLANG_WARN_CONSTANT_CONVERSION = YES;
				CLANG_WARN_EMPTY_BODY = YES;
				CLANG_WARN_ENUM_CONVERSION = YES;
				CLANG_WARN_INT_CONVERSION = YES;
				CLANG_WARN__DUPLICATE_METHOD_MATCH = YES;
				COPY_PHASE_STRIP = NO;
				GCC_C_LANGUAGE_STANDARD = gnu99;
				GCC_DYNAMIC_NO_PIC = NO;
				GCC_ENABLE_OBJC_EXCEPTIONS = YES;
				GCC_OPTIMIZATION_LEVEL = 0;
				GCC_PREPROCESSOR_DEFINITIONS = (
					"DEBUG=1",
					"$(inherited)",
				);
				GCC_SYMBOLS_PRIVATE_EXTERN = NO;
				GCC_WARN_64_TO_32_BIT_CONVERSION = YES;
				GCC_WARN_ABOUT_RETURN_TYPE = YES;
				GCC_WARN_UNINITIALIZED_AUTOS = YES;
				GCC_WARN_UNUSED_VARIABLE = YES;
				MACOSX_DEPLOYMENT_TARGET = 10.8;
				ONLY_ACTIVE_ARCH = YES;
				SDKROOT = macosx;
			};
			name = Debug;
		};
		B91CFED01702BA1300B10D73 /* Release */ = {
			isa = XCBuildConfiguration;
			buildSettings = {
				ALWAYS_SEARCH_USER_PATHS = NO;
				CLANG_CXX_LANGUAGE_STANDARD = "gnu++0x";
				CLANG_CXX_LIBRARY = "libc++";
				CLANG_WARN_CONSTANT_CONVERSION = YES;
				CLANG_WARN_EMPTY_BODY = YES;
				CLANG_WARN_ENUM_CONVERSION = YES;
				CLANG_WARN_INT_CONVERSION = YES;
				CLANG_WARN__DUPLICATE_METHOD_MATCH = YES;
				COPY_PHASE_STRIP = YES;
				DEBUG_INFORMATION_FORMAT = "dwarf-with-dsym";
				GCC_C_LANGUAGE_STANDARD = gnu99;
				GCC_ENABLE_OBJC_EXCEPTIONS = YES;
				GCC_WARN_64_TO_32_BIT_CONVERSION = YES;
				GCC_WARN_ABOUT_RETURN_TYPE = YES;
				GCC_WARN_UNINITIALIZED_AUTOS = YES;
				GCC_WARN_UNUSED_VARIABLE = YES;
				MACOSX_DEPLOYMENT_TARGET = 10.8;
				SDKROOT = macosx;
			};
			name = Release;
		};
		B91CFED21702BA1300B10D73 /* Debug */ = {
			isa = XCBuildConfiguration;
			buildSettings = {
				COMBINE_HIDPI_IMAGES = YES;
				GCC_PRECOMPILE_PREFIX_HEADER = YES;
				GCC_PREFIX_HEADER = "应用商店/应用商店-Prefix.pch";
				INFOPLIST_FILE = "应用商店/应用商店-Info.plist";
				PRODUCT_NAME = "$(TARGET_NAME)";
				WRAPPER_EXTENSION = app;
			};
			name = Debug;
		};
		B91CFED31702BA1300B10D73 /* Release */ = {
			isa = XCBuildConfiguration;
			buildSettings = {
				COMBINE_HIDPI_IMAGES = YES;
				GCC_PRECOMPILE_PREFIX_HEADER = YES;
				GCC_PREFIX_HEADER = "应用商店/应用商店-Prefix.pch";
				INFOPLIST_FILE = "应用商店/应用商店-Info.plist";
				PRODUCT_NAME = "$(TARGET_NAME)";
				WRAPPER_EXTENSION = app;
			};
			name = Release;
		};
/* End XCBuildConfiguration section */

/* Begin XCConfigurationList section */
		B91CFEAF1702BA1200B10D73 /* Build configuration list for PBXProject "应用商店" */ = {
			isa = XCConfigurationList;
			buildConfigurations = (
				B91CFECF1702BA1300B10D73 /* Debug */,
				B91CFED01702BA1300B10D73 /* Release */,
			);
			defaultConfigurationIsVisible = 0;
			defaultConfigurationName = Release;
		};
		B91CFED11702BA1300B10D73 /* Build configuration list for PBXNativeTarget "应用商店" */ = {
			isa = XCConfigurationList;
			buildConfigurations = (
				B91CFED21702BA1300B10D73 /* Debug */,
				B91CFED31702BA1300B10D73 /* Release */,
			);
			defaultConfigurationIsVisible = 0;
			defaultConfigurationName = Release;
		};
/* End XCConfigurationList section */
	};
	rootObject = B91CFEAC1702BA1200B10D73 /* Project object */;
}
